{
  "name": "072487b38308305a",
  "lockfileVersion": 2,
  "requires": true,
  "packages": {
    "": {
      "dependencies": {
        "browserslist": "^4.16.4"
      }
    },
    "node_modules/browserslist": {
      "version": "4.16.4",
      "resolved": "https://registry.npmjs.org/browserslist/-/browserslist-4.16.4.tgz",
      "integrity": "sha512-d7rCxYV8I9kj41RH8UKYnvDYCRENUlHRgyXy/Rhr/1BaeLGfiCptEdFE8MIrvGfWbBFNjVYx76SQWvNX1j+/cQ==",
      "dependencies": {
        "caniuse-lite": "^1.0.30001208",
        "colorette": "^1.2.2",
        "electron-to-chromium": "^1.3.712",
        "escalade": "^3.1.1",
        "node-releases": "^1.1.71"
      },
      "bin": {
        "browserslist": "cli.js"
      },
      "engines": {
        "node": "^6 || ^7 || ^8 || ^9 || ^10 || ^11 || ^12 || >=13.7"
      },
      "funding": {
        "type": "opencollective",
        "url": "https://opencollective.com/browserslist"
      }
    },
    "node_modules/caniuse-lite": {
      "version": "1.0.30001208",
      "resolved": "https://registry.npmjs.org/caniuse-lite/-/caniuse-lite-1.0.30001208.tgz",
      "integrity": "sha512-OE5UE4+nBOro8Dyvv0lfx+SRtfVIOM9uhKqFmJeUbGriqhhStgp1A0OyBpgy3OUF8AhYCT+PVwPC1gMl2ZcQMA=="
    },
    "node_modules/colorette": {
      "version": "1.2.2",
      "resolved": "https://registry.npmjs.org/colorette/-/colorette-1.2.2.tgz",
      "integrity": "sha512-MKGMzyfeuutC/ZJ1cba9NqcNpfeqMUcYmyF1ZFY6/Cn7CNSAKx6a+s48sqLqyAiZuaP2TcqMhoo+dlwFnVxT9w=="
    },
    "node_modules/electron-to-chromium": {
      "version": "1.3.713",
      "resolved": "https://registry.npmjs.org/electron-to-chromium/-/electron-to-chromium-1.3.713.tgz",
      "integrity": "sha512-HWgkyX4xTHmxcWWlvv7a87RHSINEcpKYZmDMxkUlHcY+CJcfx7xEfBHuXVsO1rzyYs1WQJ7EgDp2CoErakBIow=="
    },
    "node_modules/escalade": {
      "version": "3.1.1",
      "resolved": "https://registry.npmjs.org/escalade/-/escalade-3.1.1.tgz",
      "integrity": "sha512-k0er2gUkLf8O0zKJiAhmkTnJlTvINGv7ygDNPbeIsX/TJjGJZHuh9B2UxbsaEkmlEo9MfhrSzmhIlhRlI2GXnw==",
      "engines": {
        "node": ">=6"
      }
    },
    "node_modules/node-releases": {
      "version": "1.1.71",
      "resolved": "https://registry.npmjs.org/node-releases/-/node-releases-1.1.71.tgz",
      "integrity": "sha512-zR6HoT6LrLCRBwukmrVbHv0EpEQjksO6GmFcZQQuCAy139BEsoVKPYnf3jongYW83fAa1torLGYwxxky/p28sg=="
    }
  },
  "dependencies": {
    "browserslist": {
      "version": "4.16.4",
      "resolved": "https://registry.npmjs.org/browserslist/-/browserslist-4.16.4.tgz",
      "integrity": "sha512-d7rCxYV8I9kj41RH8UKYnvDYCRENUlHRgyXy/Rhr/1BaeLGfiCptEdFE8MIrvGfWbBFNjVYx76SQWvNX1j+/cQ==",
      "requires": {
        "caniuse-lite": "^1.0.30001208",
        "colorette": "^1.2.2",
        "electron-to-chromium": "^1.3.712",
        "escalade": "^3.1.1",
        "node-releases": "^1.1.71"
      }
    },
    "caniuse-lite": {
      "version": "1.0.30001208",
      "resolved": "https://registry.npmjs.org/caniuse-lite/-/caniuse-lite-1.0.30001208.tgz",
      "integrity": "sha512-OE5UE4+nBOro8Dyvv0lfx+SRtfVIOM9uhKqFmJeUbGriqhhStgp1A0OyBpgy3OUF8AhYCT+PVwPC1gMl2ZcQMA=="
    },
    "colorette": {
      "version": "1.2.2",
      "resolved": "https://registry.npmjs.org/colorette/-/colorette-1.2.2.tgz",
      "integrity": "sha512-MKGMzyfeuutC/ZJ1cba9NqcNpfeqMUcYmyF1ZFY6/Cn7CNSAKx6a+s48sqLqyAiZuaP2TcqMhoo+dlwFnVxT9w=="
    },
    "electron-to-chromium": {
      "version": "1.3.713",
      "resolved": "https://registry.npmjs.org/electron-to-chromium/-/electron-to-chromium-1.3.713.tgz",
      "integrity": "sha512-HWgkyX4xTHmxcWWlvv7a87RHSINEcpKYZmDMxkUlHcY+CJcfx7xEfBHuXVsO1rzyYs1WQJ7EgDp2CoErakBIow=="
    },
    "escalade": {
      "version": "3.1.1",
      "resolved": "https://registry.npmjs.org/escalade/-/escalade-3.1.1.tgz",
      "integrity": "sha512-k0er2gUkLf8O0zKJiAhmkTnJlTvINGv7ygDNPbeIsX/TJjGJZHuh9B2UxbsaEkmlEo9MfhrSzmhIlhRlI2GXnw=="
    },
    "node-releases": {
      "version": "1.1.71",
      "resolved": "https://registry.npmjs.org/node-releases/-/node-releases-1.1.71.tgz",
      "integrity": "sha512-zR6HoT6LrLCRBwukmrVbHv0EpEQjksO6GmFcZQQuCAy139BEsoVKPYnf3jongYW83fAa1torLGYwxxky/p28sg=="
    }
  }
}
