{
  "requires": true,
  "lockfileVersion": 1,
  "dependencies": {
    "docker-cli": {
      "version": "0.0.2",
      "resolved": "https://registry.npmjs.org/docker-cli/-/docker-cli-0.0.2.tgz",
      "integrity": "sha1-VEWgSqyVnTdb7/m1kEnD4qlXgQM="
    },
    "docker-compose": {
      "version": "0.23.6",
      "resolved": "https://registry.npmjs.org/docker-compose/-/docker-compose-0.23.6.tgz",
      "integrity": "sha512-y3Q8MkwG862rNqkvEQG59/7Fi2/fzs3NYDCvqUAAD+z0WGs2qcJ9hRcn34hWgWv9ouPkFqe3Vwca0h+4bIIRWw=="
    }
  }
}
